
Microsoft Visual Studio Solution File, Format Version 12.00
# Visual Studio Version 17
VisualStudioVersion = 17.9.34616.47
MinimumVisualStudioVersion = 10.0.40219.1
Project("{9A19103F-16F7-4668-BE54-9A1E7A4F7556}") = "UserOfMasters", "UserOfMasters\UserOfMasters.csproj", "{BB17DF22-3724-405D-9C2E-4477E38202D0}"
EndProject
Global
	GlobalSection(SolutionConfigurationPlatforms) = preSolution
		Debug|Any CPU = Debug|Any CPU
		Release|Any CPU = Release|Any CPU
	EndGlobalSection
	GlobalSection(ProjectConfigurationPlatforms) = postSolution
		{BB17DF22-3724-405D-9C2E-4477E38202D0}.Debug|Any CPU.ActiveCfg = Debug|Any CPU
		{BB17DF22-3724-405D-9C2E-4477E38202D0}.Debug|Any CPU.Build.0 = Debug|Any CPU
		{BB17DF22-3724-405D-9C2E-4477E38202D0}.Release|Any CPU.ActiveCfg = Release|Any CPU
		{BB17DF22-3724-405D-9C2E-4477E38202D0}.Release|Any CPU.Build.0 = Release|Any CPU
	EndGlobalSection
	GlobalSection(SolutionProperties) = preSolution
		HideSolutionNode = FALSE
	EndGlobalSection
	GlobalSection(ExtensibilityGlobals) = postSolution
		SolutionGuid = {A7C9D746-C972-4CB9-B0CB-7248EF3E53AE}
	EndGlobalSection
EndGlobal
